
Microsoft Visual Studio Solution File, Format Version 12.00
# Visual Studio Version 17
VisualStudioVersion = 17.14.36717.8
MinimumVisualStudioVersion = 10.0.40219.1
Project("{FAE04EC0-301F-11D3-BF4B-00C04F79EFBC}") = "LitPulse", "LitPulse.csproj", "{620A6002-03A1-4E94-A8A6-EF16EAEB47C7}"
EndProject
Project("{54435603-DBB4-11D2-8724-00A0C9A8B90C}") = "SetupLitPulse", "..\SetupLitPulse\SetupLitPulse.vdproj", "{3EA9B18A-E9FB-66D4-F368-8540A6C92D91}"
EndProject
Global
	GlobalSection(SolutionConfigurationPlatforms) = preSolution
		Debug|Any CPU = Debug|Any CPU
		Release|Any CPU = Release|Any CPU
	EndGlobalSection
	GlobalSection(ProjectConfigurationPlatforms) = postSolution
		{620A6002-03A1-4E94-A8A6-EF16EAEB47C7}.Debug|Any CPU.ActiveCfg = Debug|Any CPU
		{620A6002-03A1-4E94-A8A6-EF16EAEB47C7}.Debug|Any CPU.Build.0 = Debug|Any CPU
		{620A6002-03A1-4E94-A8A6-EF16EAEB47C7}.Release|Any CPU.ActiveCfg = Release|Any CPU
		{620A6002-03A1-4E94-A8A6-EF16EAEB47C7}.Release|Any CPU.Build.0 = Release|Any CPU
		{3EA9B18A-E9FB-66D4-F368-8540A6C92D91}.Debug|Any CPU.ActiveCfg = Debug
		{3EA9B18A-E9FB-66D4-F368-8540A6C92D91}.Release|Any CPU.ActiveCfg = Release
	EndGlobalSection
	GlobalSection(SolutionProperties) = preSolution
		HideSolutionNode = FALSE
	EndGlobalSection
	GlobalSection(ExtensibilityGlobals) = postSolution
		SolutionGuid = {4BFCF082-6EA1-4E6E-BE77-50388F81C99D}
	EndGlobalSection
EndGlobal
